// !$*UTF8*$!
{
	archiveVersion = 1;
	classes = {
	};
	objectVersion = 56;
	objects = {

/* Begin PBXBuildFile section */
		2DC099522B0E888400CB9531 /* Recipe_VaultApp.swift in Sources */ = {isa = PBXBuildFile; fileRef = 2DC099512B0E888400CB9531 /* Recipe_VaultApp.swift */; };
		2DC099542B0E888400CB9531 /* ContentView.swift in Sources */ = {isa = PBXBuildFile; fileRef = 2DC099532B0E888400CB9531 /* ContentView.swift */; };
		2DC099562B0E888700CB9531 /* Assets.xcassets in Resources */ = {isa = PBXBuildFile; fileRef = 2DC099552B0E888700CB9531 /* Assets.xcassets */; };
		2DC099592B0E888700CB9531 /* Preview Assets.xcassets in Resources */ = {isa = PBXBuildFile; fileRef = 2DC099582B0E888700CB9531 /* Preview Assets.xcassets */; };
		2DC099632B0E888700CB9531 /* Recipe_VaultTests.swift in Sources */ = {isa = PBXBuildFile; fileRef = 2DC099622B0E888700CB9531 /* Recipe_VaultTests.swift */; };
		2DC0996D2B0E888700CB9531 /* Recipe_VaultUITests.swift in Sources */ = {isa = PBXBuildFile; fileRef = 2DC0996C2B0E888700CB9531 /* Recipe_VaultUITests.swift */; };
		2DC0996F2B0E888700CB9531 /* Recipe_VaultUITestsLaunchTests.swift in Sources */ = {isa = PBXBuildFile; fileRef = 2DC0996E2B0E888700CB9531 /* Recipe_VaultUITestsLaunchTests.swift */; };
/* End PBXBuildFile section */

/* Begin PBXContainerItemProxy section */
		2DC0995F2B0E888700CB9531 /* PBXContainerItemProxy */ = {
			isa = PBXContainerItemProxy;
			containerPortal = 2DC099462B0E888400CB9531 /* Project object */;
			proxyType = 1;
			remoteGlobalIDString = 2DC0994D2B0E888400CB9531;
			remoteInfo = "Recipe Vault";
		};
		2DC099692B0E888700CB9531 /* PBXContainerItemProxy */ = {
			isa = PBXContainerItemProxy;
			containerPortal = 2DC099462B0E888400CB9531 /* Project object */;
			proxyType = 1;
			remoteGlobalIDString = 2DC0994D2B0E888400CB9531;
			remoteInfo = "Recipe Vault";
		};
/* End PBXContainerItemProxy section */

/* Begin PBXFileReference section */
		2DC0994E2B0E888400CB9531 /* Recipe Vault.app */ = {isa = PBXFileReference; explicitFileType = wrapper.application; includeInIndex = 0; path = "Recipe Vault.app"; sourceTree = BUILT_PRODUCTS_DIR; };
		2DC099512B0E888400CB9531 /* Recipe_VaultApp.swift */ = {isa = PBXFileReference; lastKnownFileType = sourcecode.swift; path = Recipe_VaultApp.swift; sourceTree = "<group>"; };
		2DC099532B0E888400CB9531 /* ContentView.swift */ = {isa = PBXFileReference; lastKnownFileType = sourcecode.swift; path = ContentView.swift; sourceTree = "<group>"; };
		2DC099552B0E888700CB9531 /* Assets.xcassets */ = {isa = PBXFileReference; lastKnownFileType = folder.assetcatalog; path = Assets.xcassets; sourceTree = "<group>"; };
		2DC099582B0E888700CB9531 /* Preview Assets.xcassets */ = {isa = PBXFileReference; lastKnownFileType = folder.assetcatalog; path = "Preview Assets.xcassets"; sourceTree = "<group>"; };
		2DC0995E2B0E888700CB9531 /* Recipe VaultTests.xctest */ = {isa = PBXFileReference; explicitFileType = wrapper.cfbundle; includeInIndex = 0; path = "Recipe VaultTests.xctest"; sourceTree = BUILT_PRODUCTS_DIR; };
		2DC099622B0E888700CB9531 /* Recipe_VaultTests.swift */ = {isa = PBXFileReference; lastKnownFileType = sourcecode.swift; path = Recipe_VaultTests.swift; sourceTree = "<group>"; };
		2DC099682B0E888700CB9531 /* Recipe VaultUITests.xctest */ = {isa = PBXFileReference; explicitFileType = wrapper.cfbundle; includeInIndex = 0; path = "Recipe VaultUITests.xctest"; sourceTree = BUILT_PRODUCTS_DIR; };
		2DC0996C2B0E888700CB9531 /* Recipe_VaultUITests.swift */ = {isa = PBXFileReference; lastKnownFileType = sourcecode.swift; path = Recipe_VaultUITests.swift; sourceTree = "<group>"; };
		2DC0996E2B0E888700CB9531 /* Recipe_VaultUITestsLaunchTests.swift */ = {isa = PBXFileReference; lastKnownFileType = sourcecode.swift; path = Recipe_VaultUITestsLaunchTests.swift; sourceTree = "<group>"; };
/* End PBXFileReference section */

/* Begin PBXFrameworksBuildPhase section */
		2DC0994B2B0E888400CB9531 /* Frameworks */ = {
			isa = PBXFrameworksBuildPhase;
			buildActionMask = 2147483647;
			files = (
			);
			runOnlyForDeploymentPostprocessing = 0;
		};
		2DC0995B2B0E888700CB9531 /* Frameworks */ = {
			isa = PBXFrameworksBuildPhase;
			buildActionMask = 2147483647;
			files = (
			);
			runOnlyForDeploymentPostprocessing = 0;
		};
		2DC099652B0E888700CB9531 /* Frameworks */ = {
			isa = PBXFrameworksBuildPhase;
			buildActionMask = 2147483647;
			files = (
			);
			runOnlyForDeploymentPostprocessing = 0;
		};
/* End PBXFrameworksBuildPhase section */

/* Begin PBXGroup section */
		2DC099452B0E888400CB9531 = {
			isa = PBXGroup;
			children = (
				2DC099502B0E888400CB9531 /* Recipe Vault */,
				2DC099612B0E888700CB9531 /* Recipe VaultTests */,
				2DC0996B2B0E888700CB9531 /* Recipe VaultUITests */,
				2DC0994F2B0E888400CB9531 /* Products */,
			);
			sourceTree = "<group>";
		};
		2DC0994F2B0E888400CB9531 /* Products */ = {
			isa = PBXGroup;
			children = (
				2DC0994E2B0E888400CB9531 /* Recipe Vault.app */,
				2DC0995E2B0E888700CB9531 /* Recipe VaultTests.xctest */,
				2DC099682B0E888700CB9531 /* Recipe VaultUITests.xctest */,
			);
			name = Products;
			sourceTree = "<group>";
		};
		2DC099502B0E888400CB9531 /* Recipe Vault */ = {
			isa = PBXGroup;
			children = (
				2DC099512B0E888400CB9531 /* Recipe_VaultApp.swift */,
				2DC099532B0E888400CB9531 /* ContentView.swift */,
				2DC099552B0E888700CB9531 /* Assets.xcassets */,
				2DC099572B0E888700CB9531 /* Preview Content */,
			);
			path = "Recipe Vault";
			sourceTree = "<group>";
		};
		2DC099572B0E888700CB9531 /* Preview Content */ = {
			isa = PBXGroup;
			children = (
				2DC099582B0E888700CB9531 /* Preview Assets.xcassets */,
			);
			path = "Preview Content";
			sourceTree = "<group>";
		};
		2DC099612B0E888700CB9531 /* Recipe VaultTests */ = {
			isa = PBXGroup;
			children = (
				2DC099622B0E888700CB9531 /* Recipe_VaultTests.swift */,
			);
			path = "Recipe VaultTests";
			sourceTree = "<group>";
		};
		2DC0996B2B0E888700CB9531 /* Recipe VaultUITests */ = {
			isa = PBXGroup;
			children = (
				2DC0996C2B0E888700CB9531 /* Recipe_VaultUITests.swift */,
				2DC0996E2B0E888700CB9531 /* Recipe_VaultUITestsLaunchTests.swift */,
			);
			path = "Recipe VaultUITests";
			sourceTree = "<group>";
		};
/* End PBXGroup section */

/* Begin PBXNativeTarget section */
		2DC0994D2B0E888400CB9531 /* Recipe Vault */ = {
			isa = PBXNativeTarget;
			buildConfigurationList = 2DC099722B0E888700CB9531 /* Build configuration list for PBXNativeTarget "Recipe Vault" */;
			buildPhases = (
				2DC0994A2B0E888400CB9531 /* Sources */,
				2DC0994B2B0E888400CB9531 /* Frameworks */,
				2DC0994C2B0E888400CB9531 /* Resources */,
			);
			buildRules = (
			);
			dependencies = (
			);
			name = "Recipe Vault";
			productName = "Recipe Vault";
			productReference = 2DC0994E2B0E888400CB9531 /* Recipe Vault.app */;
			productType = "com.apple.product-type.application";
		};
		2DC0995D2B0E888700CB9531 /* Recipe VaultTests */ = {
			isa = PBXNativeTarget;
			buildConfigurationList = 2DC099752B0E888700CB9531 /* Build configuration list for PBXNativeTarget "Recipe VaultTests" */;
			buildPhases = (
				2DC0995A2B0E888700CB9531 /* Sources */,
				2DC0995B2B0E888700CB9531 /* Frameworks */,
				2DC0995C2B0E888700CB9531 /* Resources */,
			);
			buildRules = (
			);
			dependencies = (
				2DC099602B0E888700CB9531 /* PBXTargetDependency */,
			);
			name = "Recipe VaultTests";
			productName = "Recipe VaultTests";
			productReference = 2DC0995E2B0E888700CB9531 /* Recipe VaultTests.xctest */;
			productType = "com.apple.product-type.bundle.unit-test";
		};
		2DC099672B0E888700CB9531 /* Recipe VaultUITests */ = {
			isa = PBXNativeTarget;
			buildConfigurationList = 2DC099782B0E888700CB9531 /* Build configuration list for PBXNativeTarget "Recipe VaultUITests" */;
			buildPhases = (
				2DC099642B0E888700CB9531 /* Sources */,
				2DC099652B0E888700CB9531 /* Frameworks */,
				2DC099662B0E888700CB9531 /* Resources */,
			);
			buildRules = (
			);
			dependencies = (
				2DC0996A2B0E888700CB9531 /* PBXTargetDependency */,
			);
			name = "Recipe VaultUITests";
			productName = "Recipe VaultUITests";
			productReference = 2DC099682B0E888700CB9531 /* Recipe VaultUITests.xctest */;
			productType = "com.apple.product-type.bundle.ui-testing";
		};
/* End PBXNativeTarget section */

/* Begin PBXProject section */
		2DC099462B0E888400CB9531 /* Project object */ = {
			isa = PBXProject;
			attributes = {
				BuildIndependentTargetsInParallel = 1;
				LastSwiftUpdateCheck = 1500;
				LastUpgradeCheck = 1500;
				TargetAttributes = {
					2DC0994D2B0E888400CB9531 = {
						CreatedOnToolsVersion = 15.0;
					};
					2DC0995D2B0E888700CB9531 = {
						CreatedOnToolsVersion = 15.0;
						TestTargetID = 2DC0994D2B0E888400CB9531;
					};
					2DC099672B0E888700CB9531 = {
						CreatedOnToolsVersion = 15.0;
						TestTargetID = 2DC0994D2B0E888400CB9531;
					};
				};
			};
			buildConfigurationList = 2DC099492B0E888400CB9531 /* Build configuration list for PBXProject "Recipe Vault" */;
			compatibilityVersion = "Xcode 14.0";
			developmentRegion = en;
			hasScannedForEncodings = 0;
			knownRegions = (
				en,
				Base,
			);
			mainGroup = 2DC099452B0E888400CB9531;
			productRefGroup = 2DC0994F2B0E888400CB9531 /* Products */;
			projectDirPath = "";
			projectRoot = "";
			targets = (
				2DC0994D2B0E888400CB9531 /* Recipe Vault */,
				2DC0995D2B0E888700CB9531 /* Recipe VaultTests */,
				2DC099672B0E888700CB9531 /* Recipe VaultUITests */,
			);
		};
/* End PBXProject section */

/* Begin PBXResourcesBuildPhase section */
		2DC0994C2B0E888400CB9531 /* Resources */ = {
			isa = PBXResourcesBuildPhase;
			buildActionMask = 2147483647;
			files = (
				2DC099592B0E888700CB9531 /* Preview Assets.xcassets in Resources */,
				2DC099562B0E888700CB9531 /* Assets.xcassets in Resources */,
			);
			runOnlyForDeploymentPostprocessing = 0;
		};
		2DC0995C2B0E888700CB9531 /* Resources */ = {
			isa = PBXResourcesBuildPhase;
			buildActionMask = 2147483647;
			files = (
			);
			runOnlyForDeploymentPostprocessing = 0;
		};
		2DC099662B0E888700CB9531 /* Resources */ = {
			isa = PBXResourcesBuildPhase;
			buildActionMask = 2147483647;
			files = (
			);
			runOnlyForDeploymentPostprocessing = 0;
		};
/* End PBXResourcesBuildPhase section */

/* Begin PBXSourcesBuildPhase section */
		2DC0994A2B0E888400CB9531 /* Sources */ = {
			isa = PBXSourcesBuildPhase;
			buildActionMask = 2147483647;
			files = (
				2DC099542B0E888400CB9531 /* ContentView.swift in Sources */,
				2DC099522B0E888400CB9531 /* Recipe_VaultApp.swift in Sources */,
			);
			runOnlyForDeploymentPostprocessing = 0;
		};
		2DC0995A2B0E888700CB9531 /* Sources */ = {
			isa = PBXSourcesBuildPhase;
			buildActionMask = 2147483647;
			files = (
				2DC099632B0E888700CB9531 /* Recipe_VaultTests.swift in Sources */,
			);
			runOnlyForDeploymentPostprocessing = 0;
		};
		2DC099642B0E888700CB9531 /* Sources */ = {
			isa = PBXSourcesBuildPhase;
			buildActionMask = 2147483647;
			files = (
				2DC0996D2B0E888700CB9531 /* Recipe_VaultUITests.swift in Sources */,
				2DC0996F2B0E888700CB9531 /* Recipe_VaultUITestsLaunchTests.swift in Sources */,
			);
			runOnlyForDeploymentPostprocessing = 0;
		};
/* End PBXSourcesBuildPhase section */

/* Begin PBXTargetDependency section */
		2DC099602B0E888700CB9531 /* PBXTargetDependency */ = {
			isa = PBXTargetDependency;
			target = 2DC0994D2B0E888400CB9531 /* Recipe Vault */;
			targetProxy = 2DC0995F2B0E888700CB9531 /* PBXContainerItemProxy */;
		};
		2DC0996A2B0E888700CB9531 /* PBXTargetDependency */ = {
			isa = PBXTargetDependency;
			target = 2DC0994D2B0E888400CB9531 /* Recipe Vault */;
			targetProxy = 2DC099692B0E888700CB9531 /* PBXContainerItemProxy */;
		};
/* End PBXTargetDependency section */

/* Begin XCBuildConfiguration section */
		2DC099702B0E888700CB9531 /* Debug */ = {
			isa = XCBuildConfiguration;
			buildSettings = {
				ALWAYS_SEARCH_USER_PATHS = NO;
				ASSETCATALOG_COMPILER_GENERATE_SWIFT_ASSET_SYMBOL_EXTENSIONS = YES;
				CLANG_ANALYZER_NONNULL = YES;
				CLANG_ANALYZER_NUMBER_OBJECT_CONVERSION = YES_AGGRESSIVE;
				CLANG_CXX_LANGUAGE_STANDARD = "gnu++20";
				CLANG_ENABLE_MODULES = YES;
				CLANG_ENABLE_OBJC_ARC = YES;
				CLANG_ENABLE_OBJC_WEAK = YES;
				CLANG_WARN_BLOCK_CAPTURE_AUTORELEASING = YES;
				CLANG_WARN_BOOL_CONVERSION = YES;
				CLANG_WARN_COMMA = YES;
				CLANG_WARN_CONSTANT_CONVERSION = YES;
				CLANG_WARN_DEPRECATED_OBJC_IMPLEMENTATIONS = YES;
				CLANG_WARN_DIRECT_OBJC_ISA_USAGE = YES_ERROR;
				CLANG_WARN_DOCUMENTATION_COMMENTS = YES;
				CLANG_WARN_EMPTY_BODY = YES;
				CLANG_WARN_ENUM_CONVERSION = YES;
				CLANG_WARN_INFINITE_RECURSION = YES;
				CLANG_WARN_INT_CONVERSION = YES;
				CLANG_WARN_NON_LITERAL_NULL_CONVERSION = YES;
				CLANG_WARN_OBJC_IMPLICIT_RETAIN_SELF = YES;
				CLANG_WARN_OBJC_LITERAL_CONVERSION = YES;
				CLANG_WARN_OBJC_ROOT_CLASS = YES_ERROR;
				CLANG_WARN_QUOTED_INCLUDE_IN_FRAMEWORK_HEADER = YES;
				CLANG_WARN_RANGE_LOOP_ANALYSIS = YES;
				CLANG_WARN_STRICT_PROTOTYPES = YES;
				CLANG_WARN_SUSPICIOUS_MOVE = YES;
				CLANG_WARN_UNGUARDED_AVAILABILITY = YES_AGGRESSIVE;
				CLANG_WARN_UNREACHABLE_CODE = YES;
				CLANG_WARN__DUPLICATE_METHOD_MATCH = YES;
				COPY_PHASE_STRIP = NO;
				DEBUG_INFORMATION_FORMAT = dwarf;
				ENABLE_STRICT_OBJC_MSGSEND = YES;
				ENABLE_TESTABILITY = YES;
				ENABLE_USER_SCRIPT_SANDBOXING = YES;
				GCC_C_LANGUAGE_STANDARD = gnu17;
				GCC_DYNAMIC_NO_PIC = NO;
				GCC_NO_COMMON_BLOCKS = YES;
				GCC_OPTIMIZATION_LEVEL = 0;
				GCC_PREPROCESSOR_DEFINITIONS = (
					"DEBUG=1",
					"$(inherited)",
				);
				GCC_WARN_64_TO_32_BIT_CONVERSION = YES;
				GCC_WARN_ABOUT_RETURN_TYPE = YES_ERROR;
				GCC_WARN_UNDECLARED_SELECTOR = YES;
				GCC_WARN_UNINITIALIZED_AUTOS = YES_AGGRESSIVE;
				GCC_WARN_UNUSED_FUNCTION = YES;
				GCC_WARN_UNUSED_VARIABLE = YES;
				IPHONEOS_DEPLOYMENT_TARGET = 17.0;
				LOCALIZATION_PREFERS_STRING_CATALOGS = YES;
				MTL_ENABLE_DEBUG_INFO = INCLUDE_SOURCE;
				MTL_FAST_MATH = YES;
				ONLY_ACTIVE_ARCH = YES;
				SDKROOT = iphoneos;
				SWIFT_ACTIVE_COMPILATION_CONDITIONS = "DEBUG $(inherited)";
				SWIFT_OPTIMIZATION_LEVEL = "-Onone";
			};
			name = Debug;
		};
		2DC099712B0E888700CB9531 /* Release */ = {
			isa = XCBuildConfiguration;
			buildSettings = {
				ALWAYS_SEARCH_USER_PATHS = NO;
				ASSETCATALOG_COMPILER_GENERATE_SWIFT_ASSET_SYMBOL_EXTENSIONS = YES;
				CLANG_ANALYZER_NONNULL = YES;
				CLANG_ANALYZER_NUMBER_OBJECT_CONVERSION = YES_AGGRESSIVE;
				CLANG_CXX_LANGUAGE_STANDARD = "gnu++20";
				CLANG_ENABLE_MODULES = YES;
				CLANG_ENABLE_OBJC_ARC = YES;
				CLANG_ENABLE_OBJC_WEAK = YES;
				CLANG_WARN_BLOCK_CAPTURE_AUTORELEASING = YES;
				CLANG_WARN_BOOL_CONVERSION = YES;
				CLANG_WARN_COMMA = YES;
				CLANG_WARN_CONSTANT_CONVERSION = YES;
				CLANG_WARN_DEPRECATED_OBJC_IMPLEMENTATIONS = YES;
				CLANG_WARN_DIRECT_OBJC_ISA_USAGE = YES_ERROR;
				CLANG_WARN_DOCUMENTATION_COMMENTS = YES;
				CLANG_WARN_EMPTY_BODY = YES;
				CLANG_WARN_ENUM_CONVERSION = YES;
				CLANG_WARN_INFINITE_RECURSION = YES;
				CLANG_WARN_INT_CONVERSION = YES;
				CLANG_WARN_NON_LITERAL_NULL_CONVERSION = YES;
				CLANG_WARN_OBJC_IMPLICIT_RETAIN_SELF = YES;
				CLANG_WARN_OBJC_LITERAL_CONVERSION = YES;
				CLANG_WARN_OBJC_ROOT_CLASS = YES_ERROR;
				CLANG_WARN_QUOTED_INCLUDE_IN_FRAMEWORK_HEADER = YES;
				CLANG_WARN_RANGE_LOOP_ANALYSIS = YES;
				CLANG_WARN_STRICT_PROTOTYPES = YES;
				CLANG_WARN_SUSPICIOUS_MOVE = YES;
				CLANG_WARN_UNGUARDED_AVAILABILITY = YES_AGGRESSIVE;
				CLANG_WARN_UNREACHABLE_CODE = YES;
				CLANG_WARN__DUPLICATE_METHOD_MATCH = YES;
				COPY_PHASE_STRIP = NO;
				DEBUG_INFORMATION_FORMAT = "dwarf-with-dsym";
				ENABLE_NS_ASSERTIONS = NO;
				ENABLE_STRICT_OBJC_MSGSEND = YES;
				ENABLE_USER_SCRIPT_SANDBOXING = YES;
				GCC_C_LANGUAGE_STANDARD = gnu17;
				GCC_NO_COMMON_BLOCKS = YES;
				GCC_WARN_64_TO_32_BIT_CONVERSION = YES;
				GCC_WARN_ABOUT_RETURN_TYPE = YES_ERROR;
				GCC_WARN_UNDECLARED_SELECTOR = YES;
				GCC_WARN_UNINITIALIZED_AUTOS = YES_AGGRESSIVE;
				GCC_WARN_UNUSED_FUNCTION = YES;
				GCC_WARN_UNUSED_VARIABLE = YES;
				IPHONEOS_DEPLOYMENT_TARGET = 17.0;
				LOCALIZATION_PREFERS_STRING_CATALOGS = YES;
				MTL_ENABLE_DEBUG_INFO = NO;
				MTL_FAST_MATH = YES;
				SDKROOT = iphoneos;
				SWIFT_COMPILATION_MODE = wholemodule;
				VALIDATE_PRODUCT = YES;
			};
			name = Release;
		};
		2DC099732B0E888700CB9531 /* Debug */ = {
			isa = XCBuildConfiguration;
			buildSettings = {
				ASSETCATALOG_COMPILER_APPICON_NAME = AppIcon;
				ASSETCATALOG_COMPILER_GLOBAL_ACCENT_COLOR_NAME = AccentColor;
				CODE_SIGN_STYLE = Automatic;
				CURRENT_PROJECT_VERSION = 1;
				DEVELOPMENT_ASSET_PATHS = "\"Recipe Vault/Preview Content\"";
				ENABLE_PREVIEWS = YES;
				GENERATE_INFOPLIST_FILE = YES;
				INFOPLIST_KEY_UIApplicationSceneManifest_Generation = YES;
				INFOPLIST_KEY_UIApplicationSupportsIndirectInputEvents = YES;
				INFOPLIST_KEY_UILaunchScreen_Generation = YES;
				INFOPLIST_KEY_UISupportedInterfaceOrientations_iPad = "UIInterfaceOrientationPortrait UIInterfaceOrientationPortraitUpsideDown UIInterfaceOrientationLandscapeLeft UIInterfaceOrientationLandscapeRight";
				INFOPLIST_KEY_UISupportedInterfaceOrientations_iPhone = "UIInterfaceOrientationPortrait UIInterfaceOrientationLandscapeLeft UIInterfaceOrientationLandscapeRight";
				LD_RUNPATH_SEARCH_PATHS = (
					"$(inherited)",
					"@executable_path/Frameworks",
				);
				MARKETING_VERSION = 1.0;
				PRODUCT_BUNDLE_IDENTIFIER = "Cubstart-Project.Recipe-Vault";
				PRODUCT_NAME = "$(TARGET_NAME)";
				SWIFT_EMIT_LOC_STRINGS = YES;
				SWIFT_VERSION = 5.0;
				TARGETED_DEVICE_FAMILY = "1,2";
			};
			name = Debug;
		};
		2DC099742B0E888700CB9531 /* Release */ = {
			isa = XCBuildConfiguration;
			buildSettings = {
				ASSETCATALOG_COMPILER_APPICON_NAME = AppIcon;
				ASSETCATALOG_COMPILER_GLOBAL_ACCENT_COLOR_NAME = AccentColor;
				CODE_SIGN_STYLE = Automatic;
				CURRENT_PROJECT_VERSION = 1;
				DEVELOPMENT_ASSET_PATHS = "\"Recipe Vault/Preview Content\"";
				ENABLE_PREVIEWS = YES;
				GENERATE_INFOPLIST_FILE = YES;
				INFOPLIST_KEY_UIApplicationSceneManifest_Generation = YES;
				INFOPLIST_KEY_UIApplicationSupportsIndirectInputEvents = YES;
				INFOPLIST_KEY_UILaunchScreen_Generation = YES;
				INFOPLIST_KEY_UISupportedInterfaceOrientations_iPad = "UIInterfaceOrientationPortrait UIInterfaceOrientationPortraitUpsideDown UIInterfaceOrientationLandscapeLeft UIInterfaceOrientationLandscapeRight";
				INFOPLIST_KEY_UISupportedInterfaceOrientations_iPhone = "UIInterfaceOrientationPortrait UIInterfaceOrientationLandscapeLeft UIInterfaceOrientationLandscapeRight";
				LD_RUNPATH_SEARCH_PATHS = (
					"$(inherited)",
					"@executable_path/Frameworks",
				);
				MARKETING_VERSION = 1.0;
				PRODUCT_BUNDLE_IDENTIFIER = "Cubstart-Project.Recipe-Vault";
				PRODUCT_NAME = "$(TARGET_NAME)";
				SWIFT_EMIT_LOC_STRINGS = YES;
				SWIFT_VERSION = 5.0;
				TARGETED_DEVICE_FAMILY = "1,2";
			};
			name = Release;
		};
		2DC099762B0E888700CB9531 /* Debug */ = {
			isa = XCBuildConfiguration;
			buildSettings = {
				ALWAYS_EMBED_SWIFT_STANDARD_LIBRARIES = YES;
				BUNDLE_LOADER = "$(TEST_HOST)";
				CODE_SIGN_STYLE = Automatic;
				CURRENT_PROJECT_VERSION = 1;
				GENERATE_INFOPLIST_FILE = YES;
				IPHONEOS_DEPLOYMENT_TARGET = 17.0;
				MARKETING_VERSION = 1.0;
				PRODUCT_BUNDLE_IDENTIFIER = "Cubstart-Project.Recipe-VaultTests";
				PRODUCT_NAME = "$(TARGET_NAME)";
				SWIFT_EMIT_LOC_STRINGS = NO;
				SWIFT_VERSION = 5.0;
				TARGETED_DEVICE_FAMILY = "1,2";
				TEST_HOST = "$(BUILT_PRODUCTS_DIR)/Recipe Vault.app/$(BUNDLE_EXECUTABLE_FOLDER_PATH)/Recipe Vault";
			};
			name = Debug;
		};
		2DC099772B0E888700CB9531 /* Release */ = {
			isa = XCBuildConfiguration;
			buildSettings = {
				ALWAYS_EMBED_SWIFT_STANDARD_LIBRARIES = YES;
				BUNDLE_LOADER = "$(TEST_HOST)";
				CODE_SIGN_STYLE = Automatic;
				CURRENT_PROJECT_VERSION = 1;
				GENERATE_INFOPLIST_FILE = YES;
				IPHONEOS_DEPLOYMENT_TARGET = 17.0;
				MARKETING_VERSION = 1.0;
				PRODUCT_BUNDLE_IDENTIFIER = "Cubstart-Project.Recipe-VaultTests";
				PRODUCT_NAME = "$(TARGET_NAME)";
				SWIFT_EMIT_LOC_STRINGS = NO;
				SWIFT_VERSION = 5.0;
				TARGETED_DEVICE_FAMILY = "1,2";
				TEST_HOST = "$(BUILT_PRODUCTS_DIR)/Recipe Vault.app/$(BUNDLE_EXECUTABLE_FOLDER_PATH)/Recipe Vault";
			};
			name = Release;
		};
		2DC099792B0E888700CB9531 /* Debug */ = {
			isa = XCBuildConfiguration;
			buildSettings = {
				ALWAYS_EMBED_SWIFT_STANDARD_LIBRARIES = YES;
				CODE_SIGN_STYLE = Automatic;
				CURRENT_PROJECT_VERSION = 1;
				GENERATE_INFOPLIST_FILE = YES;
				MARKETING_VERSION = 1.0;
				PRODUCT_BUNDLE_IDENTIFIER = "Cubstart-Project.Recipe-VaultUITests";
				PRODUCT_NAME = "$(TARGET_NAME)";
				SWIFT_EMIT_LOC_STRINGS = NO;
				SWIFT_VERSION = 5.0;
				TARGETED_DEVICE_FAMILY = "1,2";
				TEST_TARGET_NAME = "Recipe Vault";
			};
			name = Debug;
		};
		2DC0997A2B0E888700CB9531 /* Release */ = {
			isa = XCBuildConfiguration;
			buildSettings = {
				ALWAYS_EMBED_SWIFT_STANDARD_LIBRARIES = YES;
				CODE_SIGN_STYLE = Automatic;
				CURRENT_PROJECT_VERSION = 1;
				GENERATE_INFOPLIST_FILE = YES;
				MARKETING_VERSION = 1.0;
				PRODUCT_BUNDLE_IDENTIFIER = "Cubstart-Project.Recipe-VaultUITests";
				PRODUCT_NAME = "$(TARGET_NAME)";
				SWIFT_EMIT_LOC_STRINGS = NO;
				SWIFT_VERSION = 5.0;
				TARGETED_DEVICE_FAMILY = "1,2";
				TEST_TARGET_NAME = "Recipe Vault";
			};
			name = Release;
		};
/* End XCBuildConfiguration section */

/* Begin XCConfigurationList section */
		2DC099492B0E888400CB9531 /* Build configuration list for PBXProject "Recipe Vault" */ = {
			isa = XCConfigurationList;
			buildConfigurations = (
				2DC099702B0E888700CB9531 /* Debug */,
				2DC099712B0E888700CB9531 /* Release */,
			);
			defaultConfigurationIsVisible = 0;
			defaultConfigurationName = Release;
		};
		2DC099722B0E888700CB9531 /* Build configuration list for PBXNativeTarget "Recipe Vault" */ = {
			isa = XCConfigurationList;
			buildConfigurations = (
				2DC099732B0E888700CB9531 /* Debug */,
				2DC099742B0E888700CB9531 /* Release */,
			);
			defaultConfigurationIsVisible = 0;
			defaultConfigurationName = Release;
		};
		2DC099752B0E888700CB9531 /* Build configuration list for PBXNativeTarget "Recipe VaultTests" */ = {
			isa = XCConfigurationList;
			buildConfigurations = (
				2DC099762B0E888700CB9531 /* Debug */,
				2DC099772B0E888700CB9531 /* Release */,
			);
			defaultConfigurationIsVisible = 0;
			defaultConfigurationName = Release;
		};
		2DC099782B0E888700CB9531 /* Build configuration list for PBXNativeTarget "Recipe VaultUITests" */ = {
			isa = XCConfigurationList;
			buildConfigurations = (
				2DC099792B0E888700CB9531 /* Debug */,
				2DC0997A2B0E888700CB9531 /* Release */,
			);
			defaultConfigurationIsVisible = 0;
			defaultConfigurationName = Release;
		};
/* End XCConfigurationList section */
	};
	rootObject = 2DC099462B0E888400CB9531 /* Project object */;
}
